
Microsoft Visual Studio Solution File, Format Version 12.00
# Visual Studio 15
VisualStudioVersion = 15.0.28307.489
MinimumVisualStudioVersion = 10.0.40219.1
Project("{FAE04EC0-301F-11D3-BF4B-00C04F79EFBC}") = "Student_Assistent", "Student_Assistent.csproj", "{C9A7F743-510E-4E25-B02C-5DD18AB7F8F2}"
EndProject
Global
	GlobalSection(SolutionConfigurationPlatforms) = preSolution
		Debug|Any CPU = Debug|Any CPU
		Release|Any CPU = Release|Any CPU
	EndGlobalSection
	GlobalSection(ProjectConfigurationPlatforms) = postSolution
		{C9A7F743-510E-4E25-B02C-5DD18AB7F8F2}.Debug|Any CPU.ActiveCfg = Debug|Any CPU
		{C9A7F743-510E-4E25-B02C-5DD18AB7F8F2}.Debug|Any CPU.Build.0 = Debug|Any CPU
		{C9A7F743-510E-4E25-B02C-5DD18AB7F8F2}.Release|Any CPU.ActiveCfg = Release|Any CPU
		{C9A7F743-510E-4E25-B02C-5DD18AB7F8F2}.Release|Any CPU.Build.0 = Release|Any CPU
	EndGlobalSection
	GlobalSection(SolutionProperties) = preSolution
		HideSolutionNode = FALSE
	EndGlobalSection
	GlobalSection(ExtensibilityGlobals) = postSolution
		SolutionGuid = {F7624381-DFA0-4B81-856F-1433B8CC49A8}
	EndGlobalSection
EndGlobal
